
Microsoft Visual Studio Solution File, Format Version 12.00
# Visual Studio Version 17
VisualStudioVersion = 17.13.35931.197 d17.13
MinimumVisualStudioVersion = 10.0.40219.1
Project("{FAE04EC0-301F-11D3-BF4B-00C04F79EFBC}") = "HW5", "HW5\HW5.csproj", "{904756E0-49D8-48E3-A6F4-113E8EE0CAD9}"
EndProject
Global
	GlobalSection(SolutionConfigurationPlatforms) = preSolution
		Debug|Any CPU = Debug|Any CPU
		Release|Any CPU = Release|Any CPU
	EndGlobalSection
	GlobalSection(ProjectConfigurationPlatforms) = postSolution
		{904756E0-49D8-48E3-A6F4-113E8EE0CAD9}.Debug|Any CPU.ActiveCfg = Debug|Any CPU
		{904756E0-49D8-48E3-A6F4-113E8EE0CAD9}.Debug|Any CPU.Build.0 = Debug|Any CPU
		{904756E0-49D8-48E3-A6F4-113E8EE0CAD9}.Release|Any CPU.ActiveCfg = Release|Any CPU
		{904756E0-49D8-48E3-A6F4-113E8EE0CAD9}.Release|Any CPU.Build.0 = Release|Any CPU
	EndGlobalSection
	GlobalSection(SolutionProperties) = preSolution
		HideSolutionNode = FALSE
	EndGlobalSection
	GlobalSection(ExtensibilityGlobals) = postSolution
		SolutionGuid = {C740E23F-7AF6-4613-9785-8266A773AD18}
	EndGlobalSection
EndGlobal
